
Microsoft Visual Studio Solution File, Format Version 12.00
# Visual Studio 14
VisualStudioVersion = 14.0.25420.1
MinimumVisualStudioVersion = 10.0.40219.1
Project("{2150E333-8FDC-42A3-9474-1A3956D46DE8}") = "01-Database", "01-Database", "{88F0A02D-21FE-4CBE-A01A-FEEDDCBD5B03}"
EndProject
Project("{2150E333-8FDC-42A3-9474-1A3956D46DE8}") = "02-BLL", "02-BLL", "{20C79335-1109-4922-9DE5-9AE62BC85EB4}"
EndProject
Project("{2150E333-8FDC-42A3-9474-1A3956D46DE8}") = "03-VModel", "03-VModel", "{4FEC176B-F326-48CF-8B40-91AD36390711}"
EndProject
Project("{2150E333-8FDC-42A3-9474-1A3956D46DE8}") = "04-Web", "04-Web", "{641F6C3F-F635-4563-9617-287E9BD3AC40}"
EndProject
Project("{FAE04EC0-301F-11D3-BF4B-00C04F79EFBC}") = "Fz.Core.VModel", "Fz.Core.VModel\Fz.Core.VModel.csproj", "{1AB7E2EC-9A14-4EC5-A9B8-BDE25010ECB5}"
EndProject
Project("{2150E333-8FDC-42A3-9474-1A3956D46DE8}") = "06-Common", "06-Common", "{36ED1CA7-B07D-4A5A-A074-B956AD930D1A}"
EndProject
Project("{FAE04EC0-301F-11D3-BF4B-00C04F79EFBC}") = "Fz.Common.Model", "..\Common\Fz.Common.Model\Fz.Common.Model.csproj", "{612D1C22-1AB0-443F-A823-1A63A9FC2D82}"
EndProject
Project("{FAE04EC0-301F-11D3-BF4B-00C04F79EFBC}") = "Fz.Core.Bll", "Fz.Core.Bll\Fz.Core.Bll.csproj", "{45ADE99C-E917-4EDE-9084-4915C5B185F0}"
EndProject
Project("{FAE04EC0-301F-11D3-BF4B-00C04F79EFBC}") = "Fz.Common", "..\Common\Fz.Common\Fz.Common.csproj", "{8AF85769-2E15-4973-9D88-D655281139E7}"
EndProject
Project("{FAE04EC0-301F-11D3-BF4B-00C04F79EFBC}") = "Fz.Common.Dict", "..\Common\Fz.Common.Dict\Fz.Common.Dict.csproj", "{549F09BF-0E74-4F34-8CE3-E3F15AE5433B}"
EndProject
Project("{2150E333-8FDC-42A3-9474-1A3956D46DE8}") = "05-WCF", "05-WCF", "{433DC7E6-DD57-43C8-9994-F791C5DF9649}"
EndProject
Project("{FAE04EC0-301F-11D3-BF4B-00C04F79EFBC}") = "FzDatabase.Basic", "..\DataBase\FzDatabase.Basic\FzDatabase.Basic.csproj", "{6E896D11-22B5-4A95-83E5-C292E62EC683}"
EndProject
Project("{FAE04EC0-301F-11D3-BF4B-00C04F79EFBC}") = "FzDatabase.Resource", "..\DataBase\FzDatabase.Resource\FzDatabase.Resource.csproj", "{5B288D18-21EF-456E-BB4B-7DCBD4030E74}"
EndProject
Project("{FAE04EC0-301F-11D3-BF4B-00C04F79EFBC}") = "Fz.Resource.Bll", "..\Resource\Fz.Resource.Bll\Fz.Resource.Bll.csproj", "{716E22A2-1227-4CEA-BE77-680CFBBB26F0}"
EndProject
Project("{FAE04EC0-301F-11D3-BF4B-00C04F79EFBC}") = "Fz.Resource.VModel", "..\Resource\Fz.Resource.VModel\Fz.Resource.VModel.csproj", "{B9109CED-8121-4ACC-9AA3-E4AA59927963}"
EndProject
Project("{FAE04EC0-301F-11D3-BF4B-00C04F79EFBC}") = "Fz.Core.VModelAPI", "Fz.Core.VModelAPI\Fz.Core.VModelAPI.csproj", "{A7D1A26E-F115-4455-A6F0-95CD95606E45}"
EndProject
Project("{FAE04EC0-301F-11D3-BF4B-00C04F79EFBC}") = "Fz.Core.Web", "Fz.Core.Web\Fz.Core.Web.csproj", "{50719246-3EE7-4420-A282-D78567DA6A27}"
EndProject
Project("{FAE04EC0-301F-11D3-BF4B-00C04F79EFBC}") = "Fz.Room.VModel", "Fz.Room.VModel\Fz.Room.VModel.csproj", "{C3AE67FB-9077-4232-BFA2-3DD8AF86A6F7}"
EndProject
Project("{FAE04EC0-301F-11D3-BF4B-00C04F79EFBC}") = "FzDatabase.Room", "..\DataBase\FzDatabase.Room\FzDatabase.Room.csproj", "{56B8AB6E-9032-40CB-A990-5B7C2B2733B6}"
EndProject
Project("{FAE04EC0-301F-11D3-BF4B-00C04F79EFBC}") = "FzDatabase.Bigdata", "..\DataBase\FzDatabase.Bigdata\FzDatabase.Bigdata.csproj", "{8D798D12-DDD4-46AD-A739-4871787A5A56}"
EndProject
Project("{FAE04EC0-301F-11D3-BF4B-00C04F79EFBC}") = "FzDatabase.ModMetaBreach", "..\DataBase\FzDatabase.ModMetaBreach\FzDatabase.ModMetaBreach.csproj", "{46547B11-3E56-4A90-8DED-30AEA09F84B1}"
EndProject
Global
	GlobalSection(SolutionConfigurationPlatforms) = preSolution
		Debug|Any CPU = Debug|Any CPU
		Release|Any CPU = Release|Any CPU
	EndGlobalSection
	GlobalSection(ProjectConfigurationPlatforms) = postSolution
		{1AB7E2EC-9A14-4EC5-A9B8-BDE25010ECB5}.Debug|Any CPU.ActiveCfg = Debug|Any CPU
		{1AB7E2EC-9A14-4EC5-A9B8-BDE25010ECB5}.Debug|Any CPU.Build.0 = Debug|Any CPU
		{1AB7E2EC-9A14-4EC5-A9B8-BDE25010ECB5}.Release|Any CPU.ActiveCfg = Release|Any CPU
		{1AB7E2EC-9A14-4EC5-A9B8-BDE25010ECB5}.Release|Any CPU.Build.0 = Release|Any CPU
		{612D1C22-1AB0-443F-A823-1A63A9FC2D82}.Debug|Any CPU.ActiveCfg = Debug|Any CPU
		{612D1C22-1AB0-443F-A823-1A63A9FC2D82}.Debug|Any CPU.Build.0 = Debug|Any CPU
		{612D1C22-1AB0-443F-A823-1A63A9FC2D82}.Release|Any CPU.ActiveCfg = Release|Any CPU
		{612D1C22-1AB0-443F-A823-1A63A9FC2D82}.Release|Any CPU.Build.0 = Release|Any CPU
		{45ADE99C-E917-4EDE-9084-4915C5B185F0}.Debug|Any CPU.ActiveCfg = Debug|Any CPU
		{45ADE99C-E917-4EDE-9084-4915C5B185F0}.Debug|Any CPU.Build.0 = Debug|Any CPU
		{45ADE99C-E917-4EDE-9084-4915C5B185F0}.Release|Any CPU.ActiveCfg = Release|Any CPU
		{45ADE99C-E917-4EDE-9084-4915C5B185F0}.Release|Any CPU.Build.0 = Release|Any CPU
		{8AF85769-2E15-4973-9D88-D655281139E7}.Debug|Any CPU.ActiveCfg = Debug|Any CPU
		{8AF85769-2E15-4973-9D88-D655281139E7}.Debug|Any CPU.Build.0 = Debug|Any CPU
		{8AF85769-2E15-4973-9D88-D655281139E7}.Release|Any CPU.ActiveCfg = Release|Any CPU
		{8AF85769-2E15-4973-9D88-D655281139E7}.Release|Any CPU.Build.0 = Release|Any CPU
		{549F09BF-0E74-4F34-8CE3-E3F15AE5433B}.Debug|Any CPU.ActiveCfg = Debug|Any CPU
		{549F09BF-0E74-4F34-8CE3-E3F15AE5433B}.Debug|Any CPU.Build.0 = Debug|Any CPU
		{549F09BF-0E74-4F34-8CE3-E3F15AE5433B}.Release|Any CPU.ActiveCfg = Release|Any CPU
		{549F09BF-0E74-4F34-8CE3-E3F15AE5433B}.Release|Any CPU.Build.0 = Release|Any CPU
		{6E896D11-22B5-4A95-83E5-C292E62EC683}.Debug|Any CPU.ActiveCfg = Debug|Any CPU
		{6E896D11-22B5-4A95-83E5-C292E62EC683}.Debug|Any CPU.Build.0 = Debug|Any CPU
		{6E896D11-22B5-4A95-83E5-C292E62EC683}.Release|Any CPU.ActiveCfg = Release|Any CPU
		{6E896D11-22B5-4A95-83E5-C292E62EC683}.Release|Any CPU.Build.0 = Release|Any CPU
		{5B288D18-21EF-456E-BB4B-7DCBD4030E74}.Debug|Any CPU.ActiveCfg = Debug|Any CPU
		{5B288D18-21EF-456E-BB4B-7DCBD4030E74}.Debug|Any CPU.Build.0 = Debug|Any CPU
		{5B288D18-21EF-456E-BB4B-7DCBD4030E74}.Release|Any CPU.ActiveCfg = Release|Any CPU
		{5B288D18-21EF-456E-BB4B-7DCBD4030E74}.Release|Any CPU.Build.0 = Release|Any CPU
		{716E22A2-1227-4CEA-BE77-680CFBBB26F0}.Debug|Any CPU.ActiveCfg = Debug|Any CPU
		{716E22A2-1227-4CEA-BE77-680CFBBB26F0}.Debug|Any CPU.Build.0 = Debug|Any CPU
		{716E22A2-1227-4CEA-BE77-680CFBBB26F0}.Release|Any CPU.ActiveCfg = Release|Any CPU
		{716E22A2-1227-4CEA-BE77-680CFBBB26F0}.Release|Any CPU.Build.0 = Release|Any CPU
		{B9109CED-8121-4ACC-9AA3-E4AA59927963}.Debug|Any CPU.ActiveCfg = Debug|Any CPU
		{B9109CED-8121-4ACC-9AA3-E4AA59927963}.Debug|Any CPU.Build.0 = Debug|Any CPU
		{B9109CED-8121-4ACC-9AA3-E4AA59927963}.Release|Any CPU.ActiveCfg = Release|Any CPU
		{B9109CED-8121-4ACC-9AA3-E4AA59927963}.Release|Any CPU.Build.0 = Release|Any CPU
		{A7D1A26E-F115-4455-A6F0-95CD95606E45}.Debug|Any CPU.ActiveCfg = Debug|Any CPU
		{A7D1A26E-F115-4455-A6F0-95CD95606E45}.Debug|Any CPU.Build.0 = Debug|Any CPU
		{A7D1A26E-F115-4455-A6F0-95CD95606E45}.Release|Any CPU.ActiveCfg = Release|Any CPU
		{A7D1A26E-F115-4455-A6F0-95CD95606E45}.Release|Any CPU.Build.0 = Release|Any CPU
		{50719246-3EE7-4420-A282-D78567DA6A27}.Debug|Any CPU.ActiveCfg = Debug|Any CPU
		{50719246-3EE7-4420-A282-D78567DA6A27}.Debug|Any CPU.Build.0 = Debug|Any CPU
		{50719246-3EE7-4420-A282-D78567DA6A27}.Release|Any CPU.ActiveCfg = Release|Any CPU
		{50719246-3EE7-4420-A282-D78567DA6A27}.Release|Any CPU.Build.0 = Release|Any CPU
		{C3AE67FB-9077-4232-BFA2-3DD8AF86A6F7}.Debug|Any CPU.ActiveCfg = Debug|Any CPU
		{C3AE67FB-9077-4232-BFA2-3DD8AF86A6F7}.Debug|Any CPU.Build.0 = Debug|Any CPU
		{C3AE67FB-9077-4232-BFA2-3DD8AF86A6F7}.Release|Any CPU.ActiveCfg = Release|Any CPU
		{C3AE67FB-9077-4232-BFA2-3DD8AF86A6F7}.Release|Any CPU.Build.0 = Release|Any CPU
		{56B8AB6E-9032-40CB-A990-5B7C2B2733B6}.Debug|Any CPU.ActiveCfg = Debug|Any CPU
		{56B8AB6E-9032-40CB-A990-5B7C2B2733B6}.Debug|Any CPU.Build.0 = Debug|Any CPU
		{56B8AB6E-9032-40CB-A990-5B7C2B2733B6}.Release|Any CPU.ActiveCfg = Release|Any CPU
		{56B8AB6E-9032-40CB-A990-5B7C2B2733B6}.Release|Any CPU.Build.0 = Release|Any CPU
		{8D798D12-DDD4-46AD-A739-4871787A5A56}.Debug|Any CPU.ActiveCfg = Debug|Any CPU
		{8D798D12-DDD4-46AD-A739-4871787A5A56}.Debug|Any CPU.Build.0 = Debug|Any CPU
		{8D798D12-DDD4-46AD-A739-4871787A5A56}.Release|Any CPU.ActiveCfg = Release|Any CPU
		{8D798D12-DDD4-46AD-A739-4871787A5A56}.Release|Any CPU.Build.0 = Release|Any CPU
		{46547B11-3E56-4A90-8DED-30AEA09F84B1}.Debug|Any CPU.ActiveCfg = Debug|Any CPU
		{46547B11-3E56-4A90-8DED-30AEA09F84B1}.Debug|Any CPU.Build.0 = Debug|Any CPU
		{46547B11-3E56-4A90-8DED-30AEA09F84B1}.Release|Any CPU.ActiveCfg = Release|Any CPU
		{46547B11-3E56-4A90-8DED-30AEA09F84B1}.Release|Any CPU.Build.0 = Release|Any CPU
	EndGlobalSection
	GlobalSection(SolutionProperties) = preSolution
		HideSolutionNode = FALSE
	EndGlobalSection
	GlobalSection(NestedProjects) = preSolution
		{1AB7E2EC-9A14-4EC5-A9B8-BDE25010ECB5} = {4FEC176B-F326-48CF-8B40-91AD36390711}
		{612D1C22-1AB0-443F-A823-1A63A9FC2D82} = {36ED1CA7-B07D-4A5A-A074-B956AD930D1A}
		{45ADE99C-E917-4EDE-9084-4915C5B185F0} = {20C79335-1109-4922-9DE5-9AE62BC85EB4}
		{8AF85769-2E15-4973-9D88-D655281139E7} = {36ED1CA7-B07D-4A5A-A074-B956AD930D1A}
		{549F09BF-0E74-4F34-8CE3-E3F15AE5433B} = {36ED1CA7-B07D-4A5A-A074-B956AD930D1A}
		{6E896D11-22B5-4A95-83E5-C292E62EC683} = {88F0A02D-21FE-4CBE-A01A-FEEDDCBD5B03}
		{5B288D18-21EF-456E-BB4B-7DCBD4030E74} = {88F0A02D-21FE-4CBE-A01A-FEEDDCBD5B03}
		{716E22A2-1227-4CEA-BE77-680CFBBB26F0} = {20C79335-1109-4922-9DE5-9AE62BC85EB4}
		{B9109CED-8121-4ACC-9AA3-E4AA59927963} = {4FEC176B-F326-48CF-8B40-91AD36390711}
		{A7D1A26E-F115-4455-A6F0-95CD95606E45} = {4FEC176B-F326-48CF-8B40-91AD36390711}
		{50719246-3EE7-4420-A282-D78567DA6A27} = {641F6C3F-F635-4563-9617-287E9BD3AC40}
		{C3AE67FB-9077-4232-BFA2-3DD8AF86A6F7} = {4FEC176B-F326-48CF-8B40-91AD36390711}
		{56B8AB6E-9032-40CB-A990-5B7C2B2733B6} = {88F0A02D-21FE-4CBE-A01A-FEEDDCBD5B03}
		{8D798D12-DDD4-46AD-A739-4871787A5A56} = {88F0A02D-21FE-4CBE-A01A-FEEDDCBD5B03}
		{46547B11-3E56-4A90-8DED-30AEA09F84B1} = {88F0A02D-21FE-4CBE-A01A-FEEDDCBD5B03}
	EndGlobalSection
EndGlobal
